
Microsoft Visual Studio Solution File, Format Version 12.00
# Visual Studio Version 17
VisualStudioVersion = 17.9.34616.47
MinimumVisualStudioVersion = 10.0.40219.1
Project("{FAE04EC0-301F-11D3-BF4B-00C04F79EFBC}") = "T2JEEM1309924", "T2JEEM1309924\T2JEEM1309924.csproj", "{4E9CED16-B006-48CD-B295-E67B986ED4C7}"
EndProject
Global
	GlobalSection(SolutionConfigurationPlatforms) = preSolution
		Debug|Any CPU = Debug|Any CPU
		Release|Any CPU = Release|Any CPU
	EndGlobalSection
	GlobalSection(ProjectConfigurationPlatforms) = postSolution
		{4E9CED16-B006-48CD-B295-E67B986ED4C7}.Debug|Any CPU.ActiveCfg = Debug|Any CPU
		{4E9CED16-B006-48CD-B295-E67B986ED4C7}.Debug|Any CPU.Build.0 = Debug|Any CPU
		{4E9CED16-B006-48CD-B295-E67B986ED4C7}.Release|Any CPU.ActiveCfg = Release|Any CPU
		{4E9CED16-B006-48CD-B295-E67B986ED4C7}.Release|Any CPU.Build.0 = Release|Any CPU
	EndGlobalSection
	GlobalSection(SolutionProperties) = preSolution
		HideSolutionNode = FALSE
	EndGlobalSection
	GlobalSection(ExtensibilityGlobals) = postSolution
		SolutionGuid = {FAA6BCE9-BF23-434E-93BC-314292B0B966}
	EndGlobalSection
EndGlobal
